
Microsoft Visual Studio Solution File, Format Version 12.00
# Visual Studio 15
VisualStudioVersion = 15.0.28307.168
MinimumVisualStudioVersion = 10.0.40219.1
Project("{FAE04EC0-301F-11D3-BF4B-00C04F79EFBC}") = "NET471WPFVisualTreeHelperExtensions", "NET471WPFVisualTreeHelperExtensions\NET471WPFVisualTreeHelperExtensions.csproj", "{14C00C1C-72CB-404C-B068-D68E7F669297}"
EndProject
Global
	GlobalSection(SolutionConfigurationPlatforms) = preSolution
		Debug|Any CPU = Debug|Any CPU
		Release|Any CPU = Release|Any CPU
	EndGlobalSection
	GlobalSection(ProjectConfigurationPlatforms) = postSolution
		{14C00C1C-72CB-404C-B068-D68E7F669297}.Debug|Any CPU.ActiveCfg = Debug|Any CPU
		{14C00C1C-72CB-404C-B068-D68E7F669297}.Debug|Any CPU.Build.0 = Debug|Any CPU
		{14C00C1C-72CB-404C-B068-D68E7F669297}.Release|Any CPU.ActiveCfg = Release|Any CPU
		{14C00C1C-72CB-404C-B068-D68E7F669297}.Release|Any CPU.Build.0 = Release|Any CPU
	EndGlobalSection
	GlobalSection(SolutionProperties) = preSolution
		HideSolutionNode = FALSE
	EndGlobalSection
	GlobalSection(ExtensibilityGlobals) = postSolution
		SolutionGuid = {473CBE74-2EA4-4D69-8720-4BBBB049A582}
	EndGlobalSection
EndGlobal
